
Microsoft Visual Studio Solution File, Format Version 12.00
# Visual Studio Version 17
VisualStudioVersion = 17.4.33122.133
MinimumVisualStudioVersion = 10.0.40219.1
Project("{9A19103F-16F7-4668-BE54-9A1E7A4F7556}") = "eCommerce.Core", "eCommerce.Core\eCommerce.Core.csproj", "{2181E4A6-F0C8-4DC9-8E96-863279994502}"
EndProject
Project("{9A19103F-16F7-4668-BE54-9A1E7A4F7556}") = "eCommerce.Entity", "eCommerce.Entity\eCommerce.Entity.csproj", "{711E58EF-256B-4062-9813-637F992CE5F0}"
EndProject
Project("{9A19103F-16F7-4668-BE54-9A1E7A4F7556}") = "eCommerce.Data", "eCommerce.Data\eCommerce.Data.csproj", "{0AF37C5E-B7BA-4CF4-9BCD-6150B50141D8}"
EndProject
Project("{9A19103F-16F7-4668-BE54-9A1E7A4F7556}") = "eCommerce.Web", "eCommerce.Web\eCommerce.Web.csproj", "{2CD86DCD-4EFD-479F-AA55-C72B964C7B14}"
EndProject
Project("{FAE04EC0-301F-11D3-BF4B-00C04F79EFBC}") = "eCommerce.Service", "eCommerce.Service\eCommerce.Service.csproj", "{772DD4DC-8006-4FB9-8937-1C92B173ABF4}"
EndProject
Global
	GlobalSection(SolutionConfigurationPlatforms) = preSolution
		Debug|Any CPU = Debug|Any CPU
		Release|Any CPU = Release|Any CPU
	EndGlobalSection
	GlobalSection(ProjectConfigurationPlatforms) = postSolution
		{2181E4A6-F0C8-4DC9-8E96-863279994502}.Debug|Any CPU.ActiveCfg = Debug|Any CPU
		{2181E4A6-F0C8-4DC9-8E96-863279994502}.Debug|Any CPU.Build.0 = Debug|Any CPU
		{2181E4A6-F0C8-4DC9-8E96-863279994502}.Release|Any CPU.ActiveCfg = Release|Any CPU
		{2181E4A6-F0C8-4DC9-8E96-863279994502}.Release|Any CPU.Build.0 = Release|Any CPU
		{711E58EF-256B-4062-9813-637F992CE5F0}.Debug|Any CPU.ActiveCfg = Debug|Any CPU
		{711E58EF-256B-4062-9813-637F992CE5F0}.Debug|Any CPU.Build.0 = Debug|Any CPU
		{711E58EF-256B-4062-9813-637F992CE5F0}.Release|Any CPU.ActiveCfg = Release|Any CPU
		{711E58EF-256B-4062-9813-637F992CE5F0}.Release|Any CPU.Build.0 = Release|Any CPU
		{0AF37C5E-B7BA-4CF4-9BCD-6150B50141D8}.Debug|Any CPU.ActiveCfg = Debug|Any CPU
		{0AF37C5E-B7BA-4CF4-9BCD-6150B50141D8}.Debug|Any CPU.Build.0 = Debug|Any CPU
		{0AF37C5E-B7BA-4CF4-9BCD-6150B50141D8}.Release|Any CPU.ActiveCfg = Release|Any CPU
		{0AF37C5E-B7BA-4CF4-9BCD-6150B50141D8}.Release|Any CPU.Build.0 = Release|Any CPU
		{2CD86DCD-4EFD-479F-AA55-C72B964C7B14}.Debug|Any CPU.ActiveCfg = Debug|Any CPU
		{2CD86DCD-4EFD-479F-AA55-C72B964C7B14}.Debug|Any CPU.Build.0 = Debug|Any CPU
		{2CD86DCD-4EFD-479F-AA55-C72B964C7B14}.Release|Any CPU.ActiveCfg = Release|Any CPU
		{2CD86DCD-4EFD-479F-AA55-C72B964C7B14}.Release|Any CPU.Build.0 = Release|Any CPU
		{772DD4DC-8006-4FB9-8937-1C92B173ABF4}.Debug|Any CPU.ActiveCfg = Debug|Any CPU
		{772DD4DC-8006-4FB9-8937-1C92B173ABF4}.Debug|Any CPU.Build.0 = Debug|Any CPU
		{772DD4DC-8006-4FB9-8937-1C92B173ABF4}.Release|Any CPU.ActiveCfg = Release|Any CPU
		{772DD4DC-8006-4FB9-8937-1C92B173ABF4}.Release|Any CPU.Build.0 = Release|Any CPU
	EndGlobalSection
	GlobalSection(SolutionProperties) = preSolution
		HideSolutionNode = FALSE
	EndGlobalSection
	GlobalSection(ExtensibilityGlobals) = postSolution
		SolutionGuid = {0B257B8C-6502-40C1-B7BD-3446752AB399}
	EndGlobalSection
EndGlobal
